
Microsoft Visual Studio Solution File, Format Version 12.00
# Visual Studio Version 16
VisualStudioVersion = 16.0.32413.511
MinimumVisualStudioVersion = 10.0.40219.1
Project("{FAE04EC0-301F-11D3-BF4B-00C04F79EFBC}") = "notas_media", "notas_media.csproj", "{5961CE6D-3AAF-4818-8B45-B4E25DE61400}"
EndProject
Global
	GlobalSection(SolutionConfigurationPlatforms) = preSolution
		Debug|Any CPU = Debug|Any CPU
		Release|Any CPU = Release|Any CPU
	EndGlobalSection
	GlobalSection(ProjectConfigurationPlatforms) = postSolution
		{5961CE6D-3AAF-4818-8B45-B4E25DE61400}.Debug|Any CPU.ActiveCfg = Debug|Any CPU
		{5961CE6D-3AAF-4818-8B45-B4E25DE61400}.Debug|Any CPU.Build.0 = Debug|Any CPU
		{5961CE6D-3AAF-4818-8B45-B4E25DE61400}.Release|Any CPU.ActiveCfg = Release|Any CPU
		{5961CE6D-3AAF-4818-8B45-B4E25DE61400}.Release|Any CPU.Build.0 = Release|Any CPU
	EndGlobalSection
	GlobalSection(SolutionProperties) = preSolution
		HideSolutionNode = FALSE
	EndGlobalSection
	GlobalSection(ExtensibilityGlobals) = postSolution
		SolutionGuid = {BBE207BC-9C5A-432C-A187-67D406A8CC65}
	EndGlobalSection
EndGlobal
