
Microsoft Visual Studio Solution File, Format Version 12.00
# Visual Studio Version 16
VisualStudioVersion = 16.0.32413.511
MinimumVisualStudioVersion = 10.0.40219.1
Project("{FAE04EC0-301F-11D3-BF4B-00C04F79EFBC}") = "idade", "idade.csproj", "{65125B62-450A-43DF-932E-619EE925719F}"
EndProject
Global
	GlobalSection(SolutionConfigurationPlatforms) = preSolution
		Debug|Any CPU = Debug|Any CPU
		Release|Any CPU = Release|Any CPU
	EndGlobalSection
	GlobalSection(ProjectConfigurationPlatforms) = postSolution
		{65125B62-450A-43DF-932E-619EE925719F}.Debug|Any CPU.ActiveCfg = Debug|Any CPU
		{65125B62-450A-43DF-932E-619EE925719F}.Debug|Any CPU.Build.0 = Debug|Any CPU
		{65125B62-450A-43DF-932E-619EE925719F}.Release|Any CPU.ActiveCfg = Release|Any CPU
		{65125B62-450A-43DF-932E-619EE925719F}.Release|Any CPU.Build.0 = Release|Any CPU
	EndGlobalSection
	GlobalSection(SolutionProperties) = preSolution
		HideSolutionNode = FALSE
	EndGlobalSection
	GlobalSection(ExtensibilityGlobals) = postSolution
		SolutionGuid = {AE7857C4-E0D0-45A7-AC03-69DF329DDA2E}
	EndGlobalSection
EndGlobal
