
Microsoft Visual Studio Solution File, Format Version 12.00
# Visual Studio Version 16
VisualStudioVersion = 16.0.32413.511
MinimumVisualStudioVersion = 10.0.40219.1
Project("{FAE04EC0-301F-11D3-BF4B-00C04F79EFBC}") = "cauculo_media_alunos", "cauculo_media_alunos.csproj", "{EB797BEC-A930-4A95-BADB-1A130786B952}"
EndProject
Global
	GlobalSection(SolutionConfigurationPlatforms) = preSolution
		Debug|Any CPU = Debug|Any CPU
		Release|Any CPU = Release|Any CPU
	EndGlobalSection
	GlobalSection(ProjectConfigurationPlatforms) = postSolution
		{EB797BEC-A930-4A95-BADB-1A130786B952}.Debug|Any CPU.ActiveCfg = Debug|Any CPU
		{EB797BEC-A930-4A95-BADB-1A130786B952}.Debug|Any CPU.Build.0 = Debug|Any CPU
		{EB797BEC-A930-4A95-BADB-1A130786B952}.Release|Any CPU.ActiveCfg = Release|Any CPU
		{EB797BEC-A930-4A95-BADB-1A130786B952}.Release|Any CPU.Build.0 = Release|Any CPU
	EndGlobalSection
	GlobalSection(SolutionProperties) = preSolution
		HideSolutionNode = FALSE
	EndGlobalSection
	GlobalSection(ExtensibilityGlobals) = postSolution
		SolutionGuid = {B518C97C-D5D0-48A8-B79D-D66E98674AD4}
	EndGlobalSection
EndGlobal
